
Microsoft Visual Studio Solution File, Format Version 12.00
# Visual Studio Version 16
VisualStudioVersion = 16.0.29806.167
MinimumVisualStudioVersion = 10.0.40219.1
Project("{FAE04EC0-301F-11D3-BF4B-00C04F79EFBC}") = "PushFinal", "PushFinal.csproj", "{7D23CD88-B816-4ED2-8C95-344EF71F6D21}"
EndProject
Project("{FAE04EC0-301F-11D3-BF4B-00C04F79EFBC}") = "PushAPI", "..\PushAPI\PushAPI.csproj", "{375DE9AE-D631-40F9-80E0-20D83B0D2EC4}"
EndProject
Global
	GlobalSection(SolutionConfigurationPlatforms) = preSolution
		Debug|Any CPU = Debug|Any CPU
		Release|Any CPU = Release|Any CPU
	EndGlobalSection
	GlobalSection(ProjectConfigurationPlatforms) = postSolution
		{7D23CD88-B816-4ED2-8C95-344EF71F6D21}.Debug|Any CPU.ActiveCfg = Debug|Any CPU
		{7D23CD88-B816-4ED2-8C95-344EF71F6D21}.Debug|Any CPU.Build.0 = Debug|Any CPU
		{7D23CD88-B816-4ED2-8C95-344EF71F6D21}.Release|Any CPU.ActiveCfg = Release|Any CPU
		{7D23CD88-B816-4ED2-8C95-344EF71F6D21}.Release|Any CPU.Build.0 = Release|Any CPU
		{375DE9AE-D631-40F9-80E0-20D83B0D2EC4}.Debug|Any CPU.ActiveCfg = Debug|Any CPU
		{375DE9AE-D631-40F9-80E0-20D83B0D2EC4}.Debug|Any CPU.Build.0 = Debug|Any CPU
		{375DE9AE-D631-40F9-80E0-20D83B0D2EC4}.Release|Any CPU.ActiveCfg = Release|Any CPU
		{375DE9AE-D631-40F9-80E0-20D83B0D2EC4}.Release|Any CPU.Build.0 = Release|Any CPU
	EndGlobalSection
	GlobalSection(SolutionProperties) = preSolution
		HideSolutionNode = FALSE
	EndGlobalSection
	GlobalSection(ExtensibilityGlobals) = postSolution
		SolutionGuid = {102AFD19-E1CA-4341-A383-70C47F502842}
	EndGlobalSection
EndGlobal
